
Microsoft Visual Studio Solution File, Format Version 12.00
# Visual Studio Version 17
VisualStudioVersion = 17.6.33829.357
MinimumVisualStudioVersion = 10.0.40219.1
Project("{FAE04EC0-301F-11D3-BF4B-00C04F79EFBC}") = "cFirkantTastAPI", "cFirkantTastAPI\cFirkantTastAPI.csproj", "{56D7961B-7A8E-4BDA-9243-72E9651B18BE}"
EndProject
Global
	GlobalSection(SolutionConfigurationPlatforms) = preSolution
		Debug|Any CPU = Debug|Any CPU
		Release|Any CPU = Release|Any CPU
	EndGlobalSection
	GlobalSection(ProjectConfigurationPlatforms) = postSolution
		{56D7961B-7A8E-4BDA-9243-72E9651B18BE}.Debug|Any CPU.ActiveCfg = Debug|Any CPU
		{56D7961B-7A8E-4BDA-9243-72E9651B18BE}.Debug|Any CPU.Build.0 = Debug|Any CPU
		{56D7961B-7A8E-4BDA-9243-72E9651B18BE}.Release|Any CPU.ActiveCfg = Release|Any CPU
		{56D7961B-7A8E-4BDA-9243-72E9651B18BE}.Release|Any CPU.Build.0 = Release|Any CPU
	EndGlobalSection
	GlobalSection(SolutionProperties) = preSolution
		HideSolutionNode = FALSE
	EndGlobalSection
	GlobalSection(ExtensibilityGlobals) = postSolution
		SolutionGuid = {72898010-70B8-44FF-BC7D-E376E4BED0DA}
	EndGlobalSection
EndGlobal
